<?xml version="1.0" encoding="utf-8"?>
<Project ToolsVersion="4.0" xmlns="http://schemas.microsoft.com/developer/msbuild/2003">
  <ItemGroup>
    <ClInclude Include="..\libraries\AP_Motors\AP_Motors.h" />
    <ClInclude Include="..\libraries\AP_Motors\AP_Motors_Class.h" />
    <ClInclude Include="..\libraries\AP_Motors\AP_Motors6DOF.h" />
    <ClInclude Include="..\libraries\AP_Motors\AP_MotorsCoax.h" />
    <ClInclude Include="..\libraries\AP_Motors\AP_MotorsHeli.h" />
    <ClInclude Include="..\libraries\AP_Motors\AP_MotorsHeli_Dual.h" />
    <ClInclude Include="..\libraries\AP_Motors\AP_MotorsHeli_Quad.h" />
    <ClInclude Include="..\libraries\AP_Motors\AP_MotorsHeli_RSC.h" />
    <ClInclude Include="..\libraries\AP_Motors\AP_MotorsHeli_Single.h" />
    <ClInclude Include="..\libraries\AP_Motors\AP_MotorsHeli_Swash.h" />
    <ClInclude Include="..\libraries\AP_Motors\AP_MotorsMatrix.h" />
    <ClInclude Include="..\libraries\AP_Motors\AP_MotorsMatrixTS.h" />
    <ClInclude Include="..\libraries\AP_Motors\AP_MotorsMulticopter.h" />
    <ClInclude Include="..\libraries\AP_Motors\AP_MotorsSingle.h" />
    <ClInclude Include="..\libraries\AP_Motors\AP_MotorsTailsitter.h" />
    <ClInclude Include="..\libraries\AP_Motors\AP_MotorsTri.h" />
  </ItemGroup>
  <ItemGroup>
    <ClCompile Include="..\libraries\AP_Motors\AP_Motors_Class.cpp" />
    <ClCompile Include="..\libraries\AP_Motors\AP_Motors6DOF.cpp" />
    <ClCompile Include="..\libraries\AP_Motors\AP_MotorsCoax.cpp" />
    <ClCompile Include="..\libraries\AP_Motors\AP_MotorsHeli.cpp" />
    <ClCompile Include="..\libraries\AP_Motors\AP_MotorsHeli_Dual.cpp" />
    <ClCompile Include="..\libraries\AP_Motors\AP_MotorsHeli_Quad.cpp" />
    <ClCompile Include="..\libraries\AP_Motors\AP_MotorsHeli_RSC.cpp" />
    <ClCompile Include="..\libraries\AP_Motors\AP_MotorsHeli_Single.cpp" />
    <ClCompile Include="..\libraries\AP_Motors\AP_MotorsHeli_Swash.cpp" />
    <ClCompile Include="..\libraries\AP_Motors\AP_MotorsMatrix.cpp" />
    <ClCompile Include="..\libraries\AP_Motors\AP_MotorsMatrixTS.cpp" />
    <ClCompile Include="..\libraries\AP_Motors\AP_MotorsMulticopter.cpp" />
    <ClCompile Include="..\libraries\AP_Motors\AP_MotorsSingle.cpp" />
    <ClCompile Include="..\libraries\AP_Motors\AP_MotorsTailsitter.cpp" />
    <ClCompile Include="..\libraries\AP_Motors\AP_MotorsTri.cpp" />
  </ItemGroup>
</Project>